
Microsoft Visual Studio Solution File, Format Version 12.00
# Visual Studio Version 16
VisualStudioVersion = 16.0.30503.244
MinimumVisualStudioVersion = 10.0.40219.1
Project("{FAE04EC0-301F-11D3-BF4B-00C04F79EFBC}") = "WebFrontEnd", "WebFrontEnd\WebFrontEnd.csproj", "{42B36DAA-087D-4218-9BDB-2D203EB8A926}"
EndProject
Global
	GlobalSection(SolutionConfigurationPlatforms) = preSolution
		Debug|Any CPU = Debug|Any CPU
		Release|Any CPU = Release|Any CPU
	EndGlobalSection
	GlobalSection(ProjectConfigurationPlatforms) = postSolution
		{42B36DAA-087D-4218-9BDB-2D203EB8A926}.Debug|Any CPU.ActiveCfg = Debug|Any CPU
		{42B36DAA-087D-4218-9BDB-2D203EB8A926}.Debug|Any CPU.Build.0 = Debug|Any CPU
		{42B36DAA-087D-4218-9BDB-2D203EB8A926}.Release|Any CPU.ActiveCfg = Release|Any CPU
		{42B36DAA-087D-4218-9BDB-2D203EB8A926}.Release|Any CPU.Build.0 = Release|Any CPU
	EndGlobalSection
	GlobalSection(SolutionProperties) = preSolution
		HideSolutionNode = FALSE
	EndGlobalSection
	GlobalSection(ExtensibilityGlobals) = postSolution
		SolutionGuid = {03A56D0F-F374-40AF-AE9E-3A6C1B0C172B}
	EndGlobalSection
EndGlobal
